Microsoft Visual Studio Solution File, Format Version 11.00
# Visual Studio 2008

Project("{2F354C5B-02B7-A626-2534-003DAEC316AC}") = "WebShooter", "Assembly-CSharp-firstpass.csproj", "{9FC5C2E5-C8BA-E23D-04C9-880628C7AFCD}"
EndProject
Project("{2F354C5B-02B7-A626-2534-003DAEC316AC}") = "WebShooter", "Assembly-CSharp.csproj", "{E5DF5F51-9B00-36C5-805F-2DF75DC214E1}"
EndProject
Project("{2F354C5B-02B7-A626-2534-003DAEC316AC}") = "WebShooter", "Assembly-CSharp-Editor.csproj", "{3AD22EEC-5D8E-2C32-0FCE-5AE22411AE6A}"
EndProject
Global
	GlobalSection(SolutionConfigurationPlatforms) = preSolution
		Debug|Any CPU = Debug|Any CPU
		Release|Any CPU = Release|Any CPU
	EndGlobalSection
	GlobalSection(ProjectConfigurationPlatforms) = postSolution
		{9FC5C2E5-C8BA-E23D-04C9-880628C7AFCD}.Debug|Any CPU.ActiveCfg = Debug|Any CPU
		{9FC5C2E5-C8BA-E23D-04C9-880628C7AFCD}.Debug|Any CPU.Build.0 = Debug|Any CPU
		{9FC5C2E5-C8BA-E23D-04C9-880628C7AFCD}.Release|Any CPU.ActiveCfg = Release|Any CPU
		{9FC5C2E5-C8BA-E23D-04C9-880628C7AFCD}.Release|Any CPU.Build.0 = Release|Any CPU
		{E5DF5F51-9B00-36C5-805F-2DF75DC214E1}.Debug|Any CPU.ActiveCfg = Debug|Any CPU
		{E5DF5F51-9B00-36C5-805F-2DF75DC214E1}.Debug|Any CPU.Build.0 = Debug|Any CPU
		{E5DF5F51-9B00-36C5-805F-2DF75DC214E1}.Release|Any CPU.ActiveCfg = Release|Any CPU
		{E5DF5F51-9B00-36C5-805F-2DF75DC214E1}.Release|Any CPU.Build.0 = Release|Any CPU
		{3AD22EEC-5D8E-2C32-0FCE-5AE22411AE6A}.Debug|Any CPU.ActiveCfg = Debug|Any CPU
		{3AD22EEC-5D8E-2C32-0FCE-5AE22411AE6A}.Debug|Any CPU.Build.0 = Debug|Any CPU
		{3AD22EEC-5D8E-2C32-0FCE-5AE22411AE6A}.Release|Any CPU.ActiveCfg = Release|Any CPU
		{3AD22EEC-5D8E-2C32-0FCE-5AE22411AE6A}.Release|Any CPU.Build.0 = Release|Any CPU
	EndGlobalSection
	GlobalSection(SolutionProperties) = preSolution
		HideSolutionNode = FALSE
	EndGlobalSection
																																																																																																																																																																																						GlobalSection(MonoDevelopProperties) = preSolution
		StartupItem = Assembly-CSharp.csproj
		Policies = $0
		$0.TextStylePolicy = $1
		$1.inheritsSet = null
		$1.scope = text/x-csharp
		$0.CSharpFormattingPolicy = $2
		$2.inheritsSet = Mono
		$2.inheritsScope = text/x-csharp
		$2.scope = text/x-csharp
		$0.TextStylePolicy = $3
		$3.FileWidth = 120
		$3.TabWidth = 4
		$3.IndentWidth = 4
		$3.EolMarker = Unix
		$3.inheritsSet = Mono
		$3.inheritsScope = text/plain
		$3.scope = text/plain
	EndGlobalSection

EndGlobal
